// !$*UTF8*$!
{
	archiveVersion = 1;
	classes = {
	};
	objectVersion = 46;
	objects = {

/* Begin PBXBuildFile section */
		881371C51C488BD80061E24A /* PokemonDetailVC.swift in Sources */ = {isa = PBXBuildFile; fileRef = 881371C41C488BD80061E24A /* PokemonDetailVC.swift */; };
		882F49A71C44A384007CCB6B /* AppDelegate.swift in Sources */ = {isa = PBXBuildFile; fileRef = 882F49A61C44A384007CCB6B /* AppDelegate.swift */; };
		882F49A91C44A384007CCB6B /* ViewController.swift in Sources */ = {isa = PBXBuildFile; fileRef = 882F49A81C44A384007CCB6B /* ViewController.swift */; };
		882F49AC1C44A384007CCB6B /* Main.storyboard in Resources */ = {isa = PBXBuildFile; fileRef = 882F49AA1C44A384007CCB6B /* Main.storyboard */; };
		882F49AE1C44A384007CCB6B /* Assets.xcassets in Resources */ = {isa = PBXBuildFile; fileRef = 882F49AD1C44A384007CCB6B /* Assets.xcassets */; };
		882F49B11C44A384007CCB6B /* LaunchScreen.storyboard in Resources */ = {isa = PBXBuildFile; fileRef = 882F49AF1C44A384007CCB6B /* LaunchScreen.storyboard */; };
		882F49B91C46818B007CCB6B /* pokemon.csv in Resources */ = {isa = PBXBuildFile; fileRef = 882F49B81C46818B007CCB6B /* pokemon.csv */; };
		882F49BC1C468292007CCB6B /* Pokemon.swift in Sources */ = {isa = PBXBuildFile; fileRef = 882F49BB1C468292007CCB6B /* Pokemon.swift */; };
		882F49C11C473CCA007CCB6B /* PokeCell.swift in Sources */ = {isa = PBXBuildFile; fileRef = 882F49C01C473CCA007CCB6B /* PokeCell.swift */; };
		882F49C31C48799A007CCB6B /* csv.swift in Sources */ = {isa = PBXBuildFile; fileRef = 882F49C21C48799A007CCB6B /* csv.swift */; };
		882F49C71C487D96007CCB6B /* PokemonSolid.ttf in Resources */ = {isa = PBXBuildFile; fileRef = 882F49C61C487D96007CCB6B /* PokemonSolid.ttf */; };
		882F49C91C4880A4007CCB6B /* music.mp3 in Resources */ = {isa = PBXBuildFile; fileRef = 882F49C81C4880A4007CCB6B /* music.mp3 */; };
/* End PBXBuildFile section */

/* Begin PBXFileReference section */
		881371C41C488BD80061E24A /* PokemonDetailVC.swift */ = {isa = PBXFileReference; fileEncoding = 4; lastKnownFileType = sourcecode.swift; path = PokemonDetailVC.swift; sourceTree = "<group>"; };
		882F49A31C44A384007CCB6B /* Pokedex.app */ = {isa = PBXFileReference; explicitFileType = wrapper.application; includeInIndex = 0; path = Pokedex.app; sourceTree = BUILT_PRODUCTS_DIR; };
		882F49A61C44A384007CCB6B /* AppDelegate.swift */ = {isa = PBXFileReference; lastKnownFileType = sourcecode.swift; path = AppDelegate.swift; sourceTree = "<group>"; };
		882F49A81C44A384007CCB6B /* ViewController.swift */ = {isa = PBXFileReference; lastKnownFileType = sourcecode.swift; path = ViewController.swift; sourceTree = "<group>"; };
		882F49AB1C44A384007CCB6B /* Base */ = {isa = PBXFileReference; lastKnownFileType = file.storyboard; name = Base; path = Base.lproj/Main.storyboard; sourceTree = "<group>"; };
		882F49AD1C44A384007CCB6B /* Assets.xcassets */ = {isa = PBXFileReference; lastKnownFileType = folder.assetcatalog; path = Assets.xcassets; sourceTree = "<group>"; };
		882F49B01C44A384007CCB6B /* Base */ = {isa = PBXFileReference; lastKnownFileType = file.storyboard; name = Base; path = Base.lproj/LaunchScreen.storyboard; sourceTree = "<group>"; };
		882F49B21C44A384007CCB6B /* Info.plist */ = {isa = PBXFileReference; lastKnownFileType = text.plist.xml; path = Info.plist; sourceTree = "<group>"; };
		882F49B81C46818B007CCB6B /* pokemon.csv */ = {isa = PBXFileReference; fileEncoding = 4; lastKnownFileType = text; path = pokemon.csv; sourceTree = "<group>"; };
		882F49BB1C468292007CCB6B /* Pokemon.swift */ = {isa = PBXFileReference; fileEncoding = 4; lastKnownFileType = sourcecode.swift; path = Pokemon.swift; sourceTree = "<group>"; };
		882F49C01C473CCA007CCB6B /* PokeCell.swift */ = {isa = PBXFileReference; fileEncoding = 4; lastKnownFileType = sourcecode.swift; path = PokeCell.swift; sourceTree = "<group>"; };
		882F49C21C48799A007CCB6B /* csv.swift */ = {isa = PBXFileReference; fileEncoding = 4; lastKnownFileType = sourcecode.swift; path = csv.swift; sourceTree = "<group>"; };
		882F49C61C487D96007CCB6B /* PokemonSolid.ttf */ = {isa = PBXFileReference; lastKnownFileType = file; path = PokemonSolid.ttf; sourceTree = "<group>"; };
		882F49C81C4880A4007CCB6B /* music.mp3 */ = {isa = PBXFileReference; lastKnownFileType = audio.mp3; path = music.mp3; sourceTree = "<group>"; };
/* End PBXFileReference section */

/* Begin PBXFrameworksBuildPhase section */
		882F49A01C44A384007CCB6B /* Frameworks */ = {
			isa = PBXFrameworksBuildPhase;
			buildActionMask = 2147483647;
			files = (
			);
			runOnlyForDeploymentPostprocessing = 0;
		};
/* End PBXFrameworksBuildPhase section */

/* Begin PBXGroup section */
		882F499A1C44A384007CCB6B = {
			isa = PBXGroup;
			children = (
				882F49A51C44A384007CCB6B /* Pokedex */,
				882F49A41C44A384007CCB6B /* Products */,
			);
			sourceTree = "<group>";
		};
		882F49A41C44A384007CCB6B /* Products */ = {
			isa = PBXGroup;
			children = (
				882F49A31C44A384007CCB6B /* Pokedex.app */,
			);
			name = Products;
			sourceTree = "<group>";
		};
		882F49A51C44A384007CCB6B /* Pokedex */ = {
			isa = PBXGroup;
			children = (
				882F49BA1C468281007CCB6B /* Model */,
				882F49BD1C4682A0007CCB6B /* View */,
				882F49BE1C4682A5007CCB6B /* Controller */,
				882F49C41C487A6B007CCB6B /* Util */,
				882F49C51C487A83007CCB6B /* Resources */,
				882F49A61C44A384007CCB6B /* AppDelegate.swift */,
				882F49AA1C44A384007CCB6B /* Main.storyboard */,
				882F49AD1C44A384007CCB6B /* Assets.xcassets */,
				882F49AF1C44A384007CCB6B /* LaunchScreen.storyboard */,
				882F49B21C44A384007CCB6B /* Info.plist */,
			);
			path = Pokedex;
			sourceTree = "<group>";
		};
		882F49BA1C468281007CCB6B /* Model */ = {
			isa = PBXGroup;
			children = (
				882F49BB1C468292007CCB6B /* Pokemon.swift */,
			);
			name = Model;
			sourceTree = "<group>";
		};
		882F49BD1C4682A0007CCB6B /* View */ = {
			isa = PBXGroup;
			children = (
				882F49C01C473CCA007CCB6B /* PokeCell.swift */,
			);
			name = View;
			sourceTree = "<group>";
		};
		882F49BE1C4682A5007CCB6B /* Controller */ = {
			isa = PBXGroup;
			children = (
				882F49A81C44A384007CCB6B /* ViewController.swift */,
				881371C41C488BD80061E24A /* PokemonDetailVC.swift */,
			);
			name = Controller;
			sourceTree = "<group>";
		};
		882F49C41C487A6B007CCB6B /* Util */ = {
			isa = PBXGroup;
			children = (
				882F49C21C48799A007CCB6B /* csv.swift */,
			);
			name = Util;
			sourceTree = "<group>";
		};
		882F49C51C487A83007CCB6B /* Resources */ = {
			isa = PBXGroup;
			children = (
				882F49C81C4880A4007CCB6B /* music.mp3 */,
				882F49C61C487D96007CCB6B /* PokemonSolid.ttf */,
				882F49B81C46818B007CCB6B /* pokemon.csv */,
			);
			name = Resources;
			sourceTree = "<group>";
		};
/* End PBXGroup section */

/* Begin PBXNativeTarget section */
		882F49A21C44A384007CCB6B /* Pokedex */ = {
			isa = PBXNativeTarget;
			buildConfigurationList = 882F49B51C44A384007CCB6B /* Build configuration list for PBXNativeTarget "Pokedex" */;
			buildPhases = (
				882F499F1C44A384007CCB6B /* Sources */,
				882F49A01C44A384007CCB6B /* Frameworks */,
				882F49A11C44A384007CCB6B /* Resources */,
			);
			buildRules = (
			);
			dependencies = (
			);
			name = Pokedex;
			productName = Pokedex;
			productReference = 882F49A31C44A384007CCB6B /* Pokedex.app */;
			productType = "com.apple.product-type.application";
		};
/* End PBXNativeTarget section */

/* Begin PBXProject section */
		882F499B1C44A384007CCB6B /* Project object */ = {
			isa = PBXProject;
			attributes = {
				LastSwiftUpdateCheck = 0720;
				LastUpgradeCheck = 0720;
				ORGANIZATIONNAME = Symmary;
				TargetAttributes = {
					882F49A21C44A384007CCB6B = {
						CreatedOnToolsVersion = 7.2;
						DevelopmentTeam = 9KM85465W9;
					};
				};
			};
			buildConfigurationList = 882F499E1C44A384007CCB6B /* Build configuration list for PBXProject "Pokedex" */;
			compatibilityVersion = "Xcode 3.2";
			developmentRegion = English;
			hasScannedForEncodings = 0;
			knownRegions = (
				en,
				Base,
			);
			mainGroup = 882F499A1C44A384007CCB6B;
			productRefGroup = 882F49A41C44A384007CCB6B /* Products */;
			projectDirPath = "";
			projectRoot = "";
			targets = (
				882F49A21C44A384007CCB6B /* Pokedex */,
			);
		};
/* End PBXProject section */

/* Begin PBXResourcesBuildPhase section */
		882F49A11C44A384007CCB6B /* Resources */ = {
			isa = PBXResourcesBuildPhase;
			buildActionMask = 2147483647;
			files = (
				882F49B11C44A384007CCB6B /* LaunchScreen.storyboard in Resources */,
				882F49AE1C44A384007CCB6B /* Assets.xcassets in Resources */,
				882F49C91C4880A4007CCB6B /* music.mp3 in Resources */,
				882F49B91C46818B007CCB6B /* pokemon.csv in Resources */,
				882F49C71C487D96007CCB6B /* PokemonSolid.ttf in Resources */,
				882F49AC1C44A384007CCB6B /* Main.storyboard in Resources */,
			);
			runOnlyForDeploymentPostprocessing = 0;
		};
/* End PBXResourcesBuildPhase section */

/* Begin PBXSourcesBuildPhase section */
		882F499F1C44A384007CCB6B /* Sources */ = {
			isa = PBXSourcesBuildPhase;
			buildActionMask = 2147483647;
			files = (
				882F49C11C473CCA007CCB6B /* PokeCell.swift in Sources */,
				882F49A91C44A384007CCB6B /* ViewController.swift in Sources */,
				882F49A71C44A384007CCB6B /* AppDelegate.swift in Sources */,
				881371C51C488BD80061E24A /* PokemonDetailVC.swift in Sources */,
				882F49BC1C468292007CCB6B /* Pokemon.swift in Sources */,
				882F49C31C48799A007CCB6B /* csv.swift in Sources */,
			);
			runOnlyForDeploymentPostprocessing = 0;
		};
/* End PBXSourcesBuildPhase section */

/* Begin PBXVariantGroup section */
		882F49AA1C44A384007CCB6B /* Main.storyboard */ = {
			isa = PBXVariantGroup;
			children = (
				882F49AB1C44A384007CCB6B /* Base */,
			);
			name = Main.storyboard;
			sourceTree = "<group>";
		};
		882F49AF1C44A384007CCB6B /* LaunchScreen.storyboard */ = {
			isa = PBXVariantGroup;
			children = (
				882F49B01C44A384007CCB6B /* Base */,
			);
			name = LaunchScreen.storyboard;
			sourceTree = "<group>";
		};
/* End PBXVariantGroup section */

/* Begin XCBuildConfiguration section */
		882F49B31C44A384007CCB6B /* Debug */ = {
			isa = XCBuildConfiguration;
			buildSettings = {
				ALWAYS_SEARCH_USER_PATHS = NO;
				CLANG_CXX_LANGUAGE_STANDARD = "gnu++0x";
				CLANG_CXX_LIBRARY = "libc++";
				CLANG_ENABLE_MODULES = YES;
				CLANG_ENABLE_OBJC_ARC = YES;
				CLANG_WARN_BOOL_CONVERSION = YES;
				CLANG_WARN_CONSTANT_CONVERSION = YES;
				CLANG_WARN_DIRECT_OBJC_ISA_USAGE = YES_ERROR;
				CLANG_WARN_EMPTY_BODY = YES;
				CLANG_WARN_ENUM_CONVERSION = YES;
				CLANG_WARN_INT_CONVERSION = YES;
				CLANG_WARN_OBJC_ROOT_CLASS = YES_ERROR;
				CLANG_WARN_UNREACHABLE_CODE = YES;
				CLANG_WARN__DUPLICATE_METHOD_MATCH = YES;
				"CODE_SIGN_IDENTITY[sdk=iphoneos*]" = "iPhone Developer";
				COPY_PHASE_STRIP = NO;
				DEBUG_INFORMATION_FORMAT = dwarf;
				ENABLE_STRICT_OBJC_MSGSEND = YES;
				ENABLE_TESTABILITY = YES;
				GCC_C_LANGUAGE_STANDARD = gnu99;
				GCC_DYNAMIC_NO_PIC = NO;
				GCC_NO_COMMON_BLOCKS = YES;
				GCC_OPTIMIZATION_LEVEL = 0;
				GCC_PREPROCESSOR_DEFINITIONS = (
					"DEBUG=1",
					"$(inherited)",
				);
				GCC_WARN_64_TO_32_BIT_CONVERSION = YES;
				GCC_WARN_ABOUT_RETURN_TYPE = YES_ERROR;
				GCC_WARN_UNDECLARED_SELECTOR = YES;
				GCC_WARN_UNINITIALIZED_AUTOS = YES_AGGRESSIVE;
				GCC_WARN_UNUSED_FUNCTION = YES;
				GCC_WARN_UNUSED_VARIABLE = YES;
				IPHONEOS_DEPLOYMENT_TARGET = 9.2;
				MTL_ENABLE_DEBUG_INFO = YES;
				ONLY_ACTIVE_ARCH = YES;
				SDKROOT = iphoneos;
				SWIFT_OPTIMIZATION_LEVEL = "-Onone";
				TARGETED_DEVICE_FAMILY = "1,2";
			};
			name = Debug;
		};
		882F49B41C44A384007CCB6B /* Release */ = {
			isa = XCBuildConfiguration;
			buildSettings = {
				ALWAYS_SEARCH_USER_PATHS = NO;
				CLANG_CXX_LANGUAGE_STANDARD = "gnu++0x";
				CLANG_CXX_LIBRARY = "libc++";
				CLANG_ENABLE_MODULES = YES;
				CLANG_ENABLE_OBJC_ARC = YES;
				CLANG_WARN_BOOL_CONVERSION = YES;
				CLANG_WARN_CONSTANT_CONVERSION = YES;
				CLANG_WARN_DIRECT_OBJC_ISA_USAGE = YES_ERROR;
				CLANG_WARN_EMPTY_BODY = YES;
				CLANG_WARN_ENUM_CONVERSION = YES;
				CLANG_WARN_INT_CONVERSION = YES;
				CLANG_WARN_OBJC_ROOT_CLASS = YES_ERROR;
				CLANG_WARN_UNREACHABLE_CODE = YES;
				CLANG_WARN__DUPLICATE_METHOD_MATCH = YES;
				"CODE_SIGN_IDENTITY[sdk=iphoneos*]" = "iPhone Developer";
				COPY_PHASE_STRIP = NO;
				DEBUG_INFORMATION_FORMAT = "dwarf-with-dsym";
				ENABLE_NS_ASSERTIONS = NO;
				ENABLE_STRICT_OBJC_MSGSEND = YES;
				GCC_C_LANGUAGE_STANDARD = gnu99;
				GCC_NO_COMMON_BLOCKS = YES;
				GCC_WARN_64_TO_32_BIT_CONVERSION = YES;
				GCC_WARN_ABOUT_RETURN_TYPE = YES_ERROR;
				GCC_WARN_UNDECLARED_SELECTOR = YES;
				GCC_WARN_UNINITIALIZED_AUTOS = YES_AGGRESSIVE;
				GCC_WARN_UNUSED_FUNCTION = YES;
				GCC_WARN_UNUSED_VARIABLE = YES;
				IPHONEOS_DEPLOYMENT_TARGET = 9.2;
				MTL_ENABLE_DEBUG_INFO = NO;
				SDKROOT = iphoneos;
				TARGETED_DEVICE_FAMILY = "1,2";
				VALIDATE_PRODUCT = YES;
			};
			name = Release;
		};
		882F49B61C44A384007CCB6B /* Debug */ = {
			isa = XCBuildConfiguration;
			buildSettings = {
				ASSETCATALOG_COMPILER_APPICON_NAME = AppIcon;
				INFOPLIST_FILE = Pokedex/Info.plist;
				LD_RUNPATH_SEARCH_PATHS = "$(inherited) @executable_path/Frameworks";
				PRODUCT_BUNDLE_IDENTIFIER = com.symmary.Pokedex;
				PRODUCT_NAME = "$(TARGET_NAME)";
			};
			name = Debug;
		};
		882F49B71C44A384007CCB6B /* Release */ = {
			isa = XCBuildConfiguration;
			buildSettings = {
				ASSETCATALOG_COMPILER_APPICON_NAME = AppIcon;
				INFOPLIST_FILE = Pokedex/Info.plist;
				LD_RUNPATH_SEARCH_PATHS = "$(inherited) @executable_path/Frameworks";
				PRODUCT_BUNDLE_IDENTIFIER = com.symmary.Pokedex;
				PRODUCT_NAME = "$(TARGET_NAME)";
			};
			name = Release;
		};
/* End XCBuildConfiguration section */

/* Begin XCConfigurationList section */
		882F499E1C44A384007CCB6B /* Build configuration list for PBXProject "Pokedex" */ = {
			isa = XCConfigurationList;
			buildConfigurations = (
				882F49B31C44A384007CCB6B /* Debug */,
				882F49B41C44A384007CCB6B /* Release */,
			);
			defaultConfigurationIsVisible = 0;
			defaultConfigurationName = Release;
		};
		882F49B51C44A384007CCB6B /* Build configuration list for PBXNativeTarget "Pokedex" */ = {
			isa = XCConfigurationList;
			buildConfigurations = (
				882F49B61C44A384007CCB6B /* Debug */,
				882F49B71C44A384007CCB6B /* Release */,
			);
			defaultConfigurationIsVisible = 0;
			defaultConfigurationName = Release;
		};
/* End XCConfigurationList section */
	};
	rootObject = 882F499B1C44A384007CCB6B /* Project object */;
}
